
Microsoft Visual Studio Solution File, Format Version 12.00
# Visual Studio Version 16
VisualStudioVersion = 16.0.30907.101
MinimumVisualStudioVersion = 10.0.40219.1
Project("{FAE04EC0-301F-11D3-BF4B-00C04F79EFBC}") = "sdf-comparator", "sdf-comparator.csproj", "{59770E3F-0ABA-4442-B1B2-AF84CC61A46A}"
EndProject
Project("{FAE04EC0-301F-11D3-BF4B-00C04F79EFBC}") = "tests", "tests\tests.csproj", "{7950AC96-4825-453F-B33F-A82766D39FB3}"
EndProject
Global
	GlobalSection(SolutionConfigurationPlatforms) = preSolution
		Debug|Any CPU = Debug|Any CPU
		Release|Any CPU = Release|Any CPU
	EndGlobalSection
	GlobalSection(ProjectConfigurationPlatforms) = postSolution
		{59770E3F-0ABA-4442-B1B2-AF84CC61A46A}.Debug|Any CPU.ActiveCfg = Debug|Any CPU
		{59770E3F-0ABA-4442-B1B2-AF84CC61A46A}.Debug|Any CPU.Build.0 = Debug|Any CPU
		{59770E3F-0ABA-4442-B1B2-AF84CC61A46A}.Release|Any CPU.ActiveCfg = Release|Any CPU
		{59770E3F-0ABA-4442-B1B2-AF84CC61A46A}.Release|Any CPU.Build.0 = Release|Any CPU
		{7950AC96-4825-453F-B33F-A82766D39FB3}.Debug|Any CPU.ActiveCfg = Debug|Any CPU
		{7950AC96-4825-453F-B33F-A82766D39FB3}.Debug|Any CPU.Build.0 = Debug|Any CPU
		{7950AC96-4825-453F-B33F-A82766D39FB3}.Release|Any CPU.ActiveCfg = Release|Any CPU
		{7950AC96-4825-453F-B33F-A82766D39FB3}.Release|Any CPU.Build.0 = Release|Any CPU
	EndGlobalSection
	GlobalSection(SolutionProperties) = preSolution
		HideSolutionNode = FALSE
	EndGlobalSection
	GlobalSection(ExtensibilityGlobals) = postSolution
		SolutionGuid = {F5AC5604-2387-4030-A1E5-D825D99B3515}
	EndGlobalSection
EndGlobal
